// !$*UTF8*$!
{
	archiveVersion = 1;
	classes = {
	};
	objectVersion = 55;
	objects = {

/* Begin PBXBuildFile section */
		18557999F420C17531521319 /* Pods_newsApp.framework in Frameworks */ = {isa = PBXBuildFile; fileRef = 66EEF35B8326F809036744A2 /* Pods_newsApp.framework */; };
		7743B5A4980FAF6B13B74CFE /* Pods_newsAppTests.framework in Frameworks */ = {isa = PBXBuildFile; fileRef = D96E159D85E487EE4C17CCC7 /* Pods_newsAppTests.framework */; };
		C610AB14F526DCB3961C8923 /* Pods_newsApp_newsAppUITests.framework in Frameworks */ = {isa = PBXBuildFile; fileRef = 5DBF055E50A5731DC9541DBB /* Pods_newsApp_newsAppUITests.framework */; };
		DA51B4852903084C00F8C69C /* Main.storyboard in Resources */ = {isa = PBXBuildFile; fileRef = DA51B4842903084C00F8C69C /* Main.storyboard */; };
		DAD15B332903109800E94FFF /* DetailView.swift in Sources */ = {isa = PBXBuildFile; fileRef = DAD15B322903109800E94FFF /* DetailView.swift */; };
		DAD15B35290312EE00E94FFF /* DetailViewModel.swift in Sources */ = {isa = PBXBuildFile; fileRef = DAD15B34290312EE00E94FFF /* DetailViewModel.swift */; };
		DAD15B382903CBAF00E94FFF /* WebViewController.swift in Sources */ = {isa = PBXBuildFile; fileRef = DAD15B372903CBAF00E94FFF /* WebViewController.swift */; };
		DAD15B3B2906425000E94FFF /* DetailViewModelTestCases.swift in Sources */ = {isa = PBXBuildFile; fileRef = DAD15B3A2906425000E94FFF /* DetailViewModelTestCases.swift */; };
		DAE1C400290234730059235F /* AppDelegate.swift in Sources */ = {isa = PBXBuildFile; fileRef = DAE1C3FF290234730059235F /* AppDelegate.swift */; };
		DAE1C402290234730059235F /* SceneDelegate.swift in Sources */ = {isa = PBXBuildFile; fileRef = DAE1C401290234730059235F /* SceneDelegate.swift */; };
		DAE1C409290234740059235F /* Assets.xcassets in Resources */ = {isa = PBXBuildFile; fileRef = DAE1C408290234740059235F /* Assets.xcassets */; };
		DAE1C40C290234740059235F /* LaunchScreen.storyboard in Resources */ = {isa = PBXBuildFile; fileRef = DAE1C40A290234740059235F /* LaunchScreen.storyboard */; };
		DAE1C417290234740059235F /* newsViewModelTestCases.swift in Sources */ = {isa = PBXBuildFile; fileRef = DAE1C416290234740059235F /* newsViewModelTestCases.swift */; };
		DAE1C421290234740059235F /* newsAppUITests.swift in Sources */ = {isa = PBXBuildFile; fileRef = DAE1C420290234740059235F /* newsAppUITests.swift */; };
		DAE1C423290234740059235F /* newsAppUITestsLaunchTests.swift in Sources */ = {isa = PBXBuildFile; fileRef = DAE1C422290234740059235F /* newsAppUITestsLaunchTests.swift */; };
		DAE1C430290235090059235F /* DetailViewController.swift in Sources */ = {isa = PBXBuildFile; fileRef = DAE1C42F290235090059235F /* DetailViewController.swift */; };
		DAE1C43C29023A9B0059235F /* NewsViewController.swift in Sources */ = {isa = PBXBuildFile; fileRef = DAE1C43B29023A9B0059235F /* NewsViewController.swift */; };
		DAE1C44C290240360059235F /* HTTPManager.swift in Sources */ = {isa = PBXBuildFile; fileRef = DAE1C44B290240360059235F /* HTTPManager.swift */; };
		DAE1C44D290240360059235F /* HTTPManager.swift in Sources */ = {isa = PBXBuildFile; fileRef = DAE1C44B290240360059235F /* HTTPManager.swift */; };
		DAE1C44E290240360059235F /* HTTPManager.swift in Sources */ = {isa = PBXBuildFile; fileRef = DAE1C44B290240360059235F /* HTTPManager.swift */; };
		DAE1C4502902405A0059235F /* NewsViewModel.swift in Sources */ = {isa = PBXBuildFile; fileRef = DAE1C44F2902405A0059235F /* NewsViewModel.swift */; };
		DAE1C4512902405A0059235F /* NewsViewModel.swift in Sources */ = {isa = PBXBuildFile; fileRef = DAE1C44F2902405A0059235F /* NewsViewModel.swift */; };
		DAE1C4522902405A0059235F /* NewsViewModel.swift in Sources */ = {isa = PBXBuildFile; fileRef = DAE1C44F2902405A0059235F /* NewsViewModel.swift */; };
		DAE1C454290256E20059235F /* ConstantsAPI.swift in Sources */ = {isa = PBXBuildFile; fileRef = DAE1C453290256E20059235F /* ConstantsAPI.swift */; };
		DAE1C455290256E20059235F /* ConstantsAPI.swift in Sources */ = {isa = PBXBuildFile; fileRef = DAE1C453290256E20059235F /* ConstantsAPI.swift */; };
		DAE1C456290256E20059235F /* ConstantsAPI.swift in Sources */ = {isa = PBXBuildFile; fileRef = DAE1C453290256E20059235F /* ConstantsAPI.swift */; };
		DAE1C458290264A90059235F /* ExtensionFile.swift in Sources */ = {isa = PBXBuildFile; fileRef = DAE1C457290264A80059235F /* ExtensionFile.swift */; };
		DAE1C459290264A90059235F /* ExtensionFile.swift in Sources */ = {isa = PBXBuildFile; fileRef = DAE1C457290264A80059235F /* ExtensionFile.swift */; };
		DAE1C45A290264A90059235F /* ExtensionFile.swift in Sources */ = {isa = PBXBuildFile; fileRef = DAE1C457290264A80059235F /* ExtensionFile.swift */; };
		DAE1C45C290266430059235F /* NewsDataModel.swift in Sources */ = {isa = PBXBuildFile; fileRef = DAE1C45B290266430059235F /* NewsDataModel.swift */; };
		DAE1C45D290266430059235F /* NewsDataModel.swift in Sources */ = {isa = PBXBuildFile; fileRef = DAE1C45B290266430059235F /* NewsDataModel.swift */; };
		DAE1C45E290266430059235F /* NewsDataModel.swift in Sources */ = {isa = PBXBuildFile; fileRef = DAE1C45B290266430059235F /* NewsDataModel.swift */; };
		DAE1C460290274580059235F /* NewsTableViewCell.swift in Sources */ = {isa = PBXBuildFile; fileRef = DAE1C45F290274580059235F /* NewsTableViewCell.swift */; };
		DAE1C461290274580059235F /* NewsTableViewCell.swift in Sources */ = {isa = PBXBuildFile; fileRef = DAE1C45F290274580059235F /* NewsTableViewCell.swift */; };
		DAE1C462290274580059235F /* NewsTableViewCell.swift in Sources */ = {isa = PBXBuildFile; fileRef = DAE1C45F290274580059235F /* NewsTableViewCell.swift */; };
/* End PBXBuildFile section */

/* Begin PBXContainerItemProxy section */
		DAE1C413290234740059235F /* PBXContainerItemProxy */ = {
			isa = PBXContainerItemProxy;
			containerPortal = DAE1C3F4290234730059235F /* Project object */;
			proxyType = 1;
			remoteGlobalIDString = DAE1C3FB290234730059235F;
			remoteInfo = newsApp;
		};
		DAE1C41D290234740059235F /* PBXContainerItemProxy */ = {
			isa = PBXContainerItemProxy;
			containerPortal = DAE1C3F4290234730059235F /* Project object */;
			proxyType = 1;
			remoteGlobalIDString = DAE1C3FB290234730059235F;
			remoteInfo = newsApp;
		};
/* End PBXContainerItemProxy section */

/* Begin PBXFileReference section */
		1C79B42072F9DCEC2307FAF9 /* Pods-newsApp-newsAppUITests.debug.xcconfig */ = {isa = PBXFileReference; includeInIndex = 1; lastKnownFileType = text.xcconfig; name = "Pods-newsApp-newsAppUITests.debug.xcconfig"; path = "Target Support Files/Pods-newsApp-newsAppUITests/Pods-newsApp-newsAppUITests.debug.xcconfig"; sourceTree = "<group>"; };
		355135358282F470D74ED3F3 /* Pods-newsAppTests.release.xcconfig */ = {isa = PBXFileReference; includeInIndex = 1; lastKnownFileType = text.xcconfig; name = "Pods-newsAppTests.release.xcconfig"; path = "Target Support Files/Pods-newsAppTests/Pods-newsAppTests.release.xcconfig"; sourceTree = "<group>"; };
		5DBF055E50A5731DC9541DBB /* Pods_newsApp_newsAppUITests.framework */ = {isa = PBXFileReference; explicitFileType = wrapper.framework; includeInIndex = 0; path = Pods_newsApp_newsAppUITests.framework; sourceTree = BUILT_PRODUCTS_DIR; };
		631431812844F7B0F68C5DDC /* Pods-newsApp-newsAppUITests.release.xcconfig */ = {isa = PBXFileReference; includeInIndex = 1; lastKnownFileType = text.xcconfig; name = "Pods-newsApp-newsAppUITests.release.xcconfig"; path = "Target Support Files/Pods-newsApp-newsAppUITests/Pods-newsApp-newsAppUITests.release.xcconfig"; sourceTree = "<group>"; };
		66EEF35B8326F809036744A2 /* Pods_newsApp.framework */ = {isa = PBXFileReference; explicitFileType = wrapper.framework; includeInIndex = 0; path = Pods_newsApp.framework; sourceTree = BUILT_PRODUCTS_DIR; };
		77E75ABE9AAEE698EE08B35F /* Pods-newsApp.debug.xcconfig */ = {isa = PBXFileReference; includeInIndex = 1; lastKnownFileType = text.xcconfig; name = "Pods-newsApp.debug.xcconfig"; path = "Target Support Files/Pods-newsApp/Pods-newsApp.debug.xcconfig"; sourceTree = "<group>"; };
		9A8F732BF4BC8BDB92997683 /* Pods-newsApp.release.xcconfig */ = {isa = PBXFileReference; includeInIndex = 1; lastKnownFileType = text.xcconfig; name = "Pods-newsApp.release.xcconfig"; path = "Target Support Files/Pods-newsApp/Pods-newsApp.release.xcconfig"; sourceTree = "<group>"; };
		BA118F7605C926715765553E /* Pods-newsAppTests.debug.xcconfig */ = {isa = PBXFileReference; includeInIndex = 1; lastKnownFileType = text.xcconfig; name = "Pods-newsAppTests.debug.xcconfig"; path = "Target Support Files/Pods-newsAppTests/Pods-newsAppTests.debug.xcconfig"; sourceTree = "<group>"; };
		D96E159D85E487EE4C17CCC7 /* Pods_newsAppTests.framework */ = {isa = PBXFileReference; explicitFileType = wrapper.framework; includeInIndex = 0; path = Pods_newsAppTests.framework; sourceTree = BUILT_PRODUCTS_DIR; };
		DA51B4842903084C00F8C69C /* Main.storyboard */ = {isa = PBXFileReference; lastKnownFileType = file.storyboard; path = Main.storyboard; sourceTree = "<group>"; };
		DAD15B322903109800E94FFF /* DetailView.swift */ = {isa = PBXFileReference; lastKnownFileType = sourcecode.swift; path = DetailView.swift; sourceTree = "<group>"; };
		DAD15B34290312EE00E94FFF /* DetailViewModel.swift */ = {isa = PBXFileReference; lastKnownFileType = sourcecode.swift; path = DetailViewModel.swift; sourceTree = "<group>"; };
		DAD15B372903CBAF00E94FFF /* WebViewController.swift */ = {isa = PBXFileReference; lastKnownFileType = sourcecode.swift; path = WebViewController.swift; sourceTree = "<group>"; };
		DAD15B3A2906425000E94FFF /* DetailViewModelTestCases.swift */ = {isa = PBXFileReference; lastKnownFileType = sourcecode.swift; path = DetailViewModelTestCases.swift; sourceTree = "<group>"; };
		DAE1C3FC290234730059235F /* newsApp.app */ = {isa = PBXFileReference; explicitFileType = wrapper.application; includeInIndex = 0; path = newsApp.app; sourceTree = BUILT_PRODUCTS_DIR; };
		DAE1C3FF290234730059235F /* AppDelegate.swift */ = {isa = PBXFileReference; lastKnownFileType = sourcecode.swift; path = AppDelegate.swift; sourceTree = "<group>"; };
		DAE1C401290234730059235F /* SceneDelegate.swift */ = {isa = PBXFileReference; lastKnownFileType = sourcecode.swift; path = SceneDelegate.swift; sourceTree = "<group>"; };
		DAE1C408290234740059235F /* Assets.xcassets */ = {isa = PBXFileReference; lastKnownFileType = folder.assetcatalog; path = Assets.xcassets; sourceTree = "<group>"; };
		DAE1C40B290234740059235F /* Base */ = {isa = PBXFileReference; lastKnownFileType = file.storyboard; name = Base; path = Base.lproj/LaunchScreen.storyboard; sourceTree = "<group>"; };
		DAE1C40D290234740059235F /* Info.plist */ = {isa = PBXFileReference; lastKnownFileType = text.plist.xml; path = Info.plist; sourceTree = "<group>"; };
		DAE1C412290234740059235F /* newsAppTests.xctest */ = {isa = PBXFileReference; explicitFileType = wrapper.cfbundle; includeInIndex = 0; path = newsAppTests.xctest; sourceTree = BUILT_PRODUCTS_DIR; };
		DAE1C416290234740059235F /* newsViewModelTestCases.swift */ = {isa = PBXFileReference; lastKnownFileType = sourcecode.swift; path = newsViewModelTestCases.swift; sourceTree = "<group>"; };
		DAE1C41C290234740059235F /* newsAppUITests.xctest */ = {isa = PBXFileReference; explicitFileType = wrapper.cfbundle; includeInIndex = 0; path = newsAppUITests.xctest; sourceTree = BUILT_PRODUCTS_DIR; };
		DAE1C420290234740059235F /* newsAppUITests.swift */ = {isa = PBXFileReference; lastKnownFileType = sourcecode.swift; path = newsAppUITests.swift; sourceTree = "<group>"; };
		DAE1C422290234740059235F /* newsAppUITestsLaunchTests.swift */ = {isa = PBXFileReference; lastKnownFileType = sourcecode.swift; path = newsAppUITestsLaunchTests.swift; sourceTree = "<group>"; };
		DAE1C42F290235090059235F /* DetailViewController.swift */ = {isa = PBXFileReference; lastKnownFileType = sourcecode.swift; path = DetailViewController.swift; sourceTree = "<group>"; };
		DAE1C43B29023A9B0059235F /* NewsViewController.swift */ = {isa = PBXFileReference; lastKnownFileType = sourcecode.swift; path = NewsViewController.swift; sourceTree = "<group>"; };
		DAE1C44B290240360059235F /* HTTPManager.swift */ = {isa = PBXFileReference; lastKnownFileType = sourcecode.swift; path = HTTPManager.swift; sourceTree = "<group>"; };
		DAE1C44F2902405A0059235F /* NewsViewModel.swift */ = {isa = PBXFileReference; lastKnownFileType = sourcecode.swift; path = NewsViewModel.swift; sourceTree = "<group>"; };
		DAE1C453290256E20059235F /* ConstantsAPI.swift */ = {isa = PBXFileReference; lastKnownFileType = sourcecode.swift; path = ConstantsAPI.swift; sourceTree = "<group>"; };
		DAE1C457290264A80059235F /* ExtensionFile.swift */ = {isa = PBXFileReference; lastKnownFileType = sourcecode.swift; path = ExtensionFile.swift; sourceTree = "<group>"; };
		DAE1C45B290266430059235F /* NewsDataModel.swift */ = {isa = PBXFileReference; lastKnownFileType = sourcecode.swift; path = NewsDataModel.swift; sourceTree = "<group>"; };
		DAE1C45F290274580059235F /* NewsTableViewCell.swift */ = {isa = PBXFileReference; lastKnownFileType = sourcecode.swift; path = NewsTableViewCell.swift; sourceTree = "<group>"; };
/* End PBXFileReference section */

/* Begin PBXFrameworksBuildPhase section */
		DAE1C3F9290234730059235F /* Frameworks */ = {
			isa = PBXFrameworksBuildPhase;
			buildActionMask = 2147483647;
			files = (
				18557999F420C17531521319 /* Pods_newsApp.framework in Frameworks */,
			);
			runOnlyForDeploymentPostprocessing = 0;
		};
		DAE1C40F290234740059235F /* Frameworks */ = {
			isa = PBXFrameworksBuildPhase;
			buildActionMask = 2147483647;
			files = (
				7743B5A4980FAF6B13B74CFE /* Pods_newsAppTests.framework in Frameworks */,
			);
			runOnlyForDeploymentPostprocessing = 0;
		};
		DAE1C419290234740059235F /* Frameworks */ = {
			isa = PBXFrameworksBuildPhase;
			buildActionMask = 2147483647;
			files = (
				C610AB14F526DCB3961C8923 /* Pods_newsApp_newsAppUITests.framework in Frameworks */,
			);
			runOnlyForDeploymentPostprocessing = 0;
		};
/* End PBXFrameworksBuildPhase section */

/* Begin PBXGroup section */
		6407FA2E11BD6BAC8E50C85C /* Pods */ = {
			isa = PBXGroup;
			children = (
				77E75ABE9AAEE698EE08B35F /* Pods-newsApp.debug.xcconfig */,
				9A8F732BF4BC8BDB92997683 /* Pods-newsApp.release.xcconfig */,
				1C79B42072F9DCEC2307FAF9 /* Pods-newsApp-newsAppUITests.debug.xcconfig */,
				631431812844F7B0F68C5DDC /* Pods-newsApp-newsAppUITests.release.xcconfig */,
				BA118F7605C926715765553E /* Pods-newsAppTests.debug.xcconfig */,
				355135358282F470D74ED3F3 /* Pods-newsAppTests.release.xcconfig */,
			);
			path = Pods;
			sourceTree = "<group>";
		};
		6EE1E7996E6DCA85E5CAF7DA /* Frameworks */ = {
			isa = PBXGroup;
			children = (
				66EEF35B8326F809036744A2 /* Pods_newsApp.framework */,
				5DBF055E50A5731DC9541DBB /* Pods_newsApp_newsAppUITests.framework */,
				D96E159D85E487EE4C17CCC7 /* Pods_newsAppTests.framework */,
			);
			name = Frameworks;
			sourceTree = "<group>";
		};
		DAD15B362903CB7C00E94FFF /* Web Screen */ = {
			isa = PBXGroup;
			children = (
				DAD15B372903CBAF00E94FFF /* WebViewController.swift */,
			);
			path = "Web Screen";
			sourceTree = "<group>";
		};
		DAE1C3F3290234730059235F = {
			isa = PBXGroup;
			children = (
				DAE1C3FE290234730059235F /* newsApp */,
				DAE1C415290234740059235F /* newsAppTests */,
				DAE1C41F290234740059235F /* newsAppUITests */,
				DAE1C3FD290234730059235F /* Products */,
				6407FA2E11BD6BAC8E50C85C /* Pods */,
				6EE1E7996E6DCA85E5CAF7DA /* Frameworks */,
			);
			sourceTree = "<group>";
		};
		DAE1C3FD290234730059235F /* Products */ = {
			isa = PBXGroup;
			children = (
				DAE1C3FC290234730059235F /* newsApp.app */,
				DAE1C412290234740059235F /* newsAppTests.xctest */,
				DAE1C41C290234740059235F /* newsAppUITests.xctest */,
			);
			name = Products;
			sourceTree = "<group>";
		};
		DAE1C3FE290234730059235F /* newsApp */ = {
			isa = PBXGroup;
			children = (
				DAE1C44A2902401D0059235F /* Services */,
				DAE1C44329023B070059235F /* View */,
				DAE1C43F29023ABA0059235F /* News Screen */,
				DAE1C44429023B1D0059235F /* Detail Screen */,
				DAD15B362903CB7C00E94FFF /* Web Screen */,
				DAE1C44929023B990059235F /* Other Important Files */,
				DAE1C40D290234740059235F /* Info.plist */,
			);
			path = newsApp;
			sourceTree = "<group>";
		};
		DAE1C415290234740059235F /* newsAppTests */ = {
			isa = PBXGroup;
			children = (
				DAE1C416290234740059235F /* newsViewModelTestCases.swift */,
				DAD15B3A2906425000E94FFF /* DetailViewModelTestCases.swift */,
			);
			path = newsAppTests;
			sourceTree = "<group>";
		};
		DAE1C41F290234740059235F /* newsAppUITests */ = {
			isa = PBXGroup;
			children = (
				DAE1C420290234740059235F /* newsAppUITests.swift */,
				DAE1C422290234740059235F /* newsAppUITestsLaunchTests.swift */,
			);
			path = newsAppUITests;
			sourceTree = "<group>";
		};
		DAE1C43F29023ABA0059235F /* News Screen */ = {
			isa = PBXGroup;
			children = (
				DAE1C44229023AED0059235F /* View Model */,
				DAE1C44129023ADB0059235F /* Model */,
				DAE1C44029023ACD0059235F /* View */,
			);
			path = "News Screen";
			sourceTree = "<group>";
		};
		DAE1C44029023ACD0059235F /* View */ = {
			isa = PBXGroup;
			children = (
				DAE1C43B29023A9B0059235F /* NewsViewController.swift */,
				DAE1C45F290274580059235F /* NewsTableViewCell.swift */,
			);
			path = View;
			sourceTree = "<group>";
		};
		DAE1C44129023ADB0059235F /* Model */ = {
			isa = PBXGroup;
			children = (
				DAE1C45B290266430059235F /* NewsDataModel.swift */,
			);
			path = Model;
			sourceTree = "<group>";
		};
		DAE1C44229023AED0059235F /* View Model */ = {
			isa = PBXGroup;
			children = (
				DAE1C44F2902405A0059235F /* NewsViewModel.swift */,
			);
			path = "View Model";
			sourceTree = "<group>";
		};
		DAE1C44329023B070059235F /* View */ = {
			isa = PBXGroup;
			children = (
				DAE1C40A290234740059235F /* LaunchScreen.storyboard */,
				DA51B4842903084C00F8C69C /* Main.storyboard */,
			);
			path = View;
			sourceTree = "<group>";
		};
		DAE1C44429023B1D0059235F /* Detail Screen */ = {
			isa = PBXGroup;
			children = (
				DAE1C44829023B4A0059235F /* View Model */,
				DAE1C44629023B380059235F /* Model */,
				DAE1C44529023B2A0059235F /* View */,
			);
			path = "Detail Screen";
			sourceTree = "<group>";
		};
		DAE1C44529023B2A0059235F /* View */ = {
			isa = PBXGroup;
			children = (
				DAE1C42F290235090059235F /* DetailViewController.swift */,
				DAD15B322903109800E94FFF /* DetailView.swift */,
			);
			path = View;
			sourceTree = "<group>";
		};
		DAE1C44629023B380059235F /* Model */ = {
			isa = PBXGroup;
			children = (
			);
			path = Model;
			sourceTree = "<group>";
		};
		DAE1C44829023B4A0059235F /* View Model */ = {
			isa = PBXGroup;
			children = (
				DAD15B34290312EE00E94FFF /* DetailViewModel.swift */,
			);
			path = "View Model";
			sourceTree = "<group>";
		};
		DAE1C44929023B990059235F /* Other Important Files */ = {
			isa = PBXGroup;
			children = (
				DAE1C3FF290234730059235F /* AppDelegate.swift */,
				DAE1C453290256E20059235F /* ConstantsAPI.swift */,
				DAE1C401290234730059235F /* SceneDelegate.swift */,
				DAE1C457290264A80059235F /* ExtensionFile.swift */,
				DAE1C408290234740059235F /* Assets.xcassets */,
			);
			path = "Other Important Files";
			sourceTree = "<group>";
		};
		DAE1C44A2902401D0059235F /* Services */ = {
			isa = PBXGroup;
			children = (
				DAE1C44B290240360059235F /* HTTPManager.swift */,
			);
			path = Services;
			sourceTree = "<group>";
		};
/* End PBXGroup section */

/* Begin PBXNativeTarget section */
		DAE1C3FB290234730059235F /* newsApp */ = {
			isa = PBXNativeTarget;
			buildConfigurationList = DAE1C426290234740059235F /* Build configuration list for PBXNativeTarget "newsApp" */;
			buildPhases = (
				D9E0AD573E69973934876E0E /* [CP] Check Pods Manifest.lock */,
				DAE1C3F8290234730059235F /* Sources */,
				DAE1C3F9290234730059235F /* Frameworks */,
				DAE1C3FA290234730059235F /* Resources */,
				29EDECB1DA2AAAA89508628B /* [CP] Embed Pods Frameworks */,
			);
			buildRules = (
			);
			dependencies = (
			);
			name = newsApp;
			productName = newsApp;
			productReference = DAE1C3FC290234730059235F /* newsApp.app */;
			productType = "com.apple.product-type.application";
		};
		DAE1C411290234740059235F /* newsAppTests */ = {
			isa = PBXNativeTarget;
			buildConfigurationList = DAE1C429290234740059235F /* Build configuration list for PBXNativeTarget "newsAppTests" */;
			buildPhases = (
				C920258663C44EBB8D2D48EF /* [CP] Check Pods Manifest.lock */,
				DAE1C40E290234740059235F /* Sources */,
				DAE1C40F290234740059235F /* Frameworks */,
				DAE1C410290234740059235F /* Resources */,
			);
			buildRules = (
			);
			dependencies = (
				DAE1C414290234740059235F /* PBXTargetDependency */,
			);
			name = newsAppTests;
			productName = newsAppTests;
			productReference = DAE1C412290234740059235F /* newsAppTests.xctest */;
			productType = "com.apple.product-type.bundle.unit-test";
		};
		DAE1C41B290234740059235F /* newsAppUITests */ = {
			isa = PBXNativeTarget;
			buildConfigurationList = DAE1C42C290234740059235F /* Build configuration list for PBXNativeTarget "newsAppUITests" */;
			buildPhases = (
				B73C2EE6862931F793555FC4 /* [CP] Check Pods Manifest.lock */,
				DAE1C418290234740059235F /* Sources */,
				DAE1C419290234740059235F /* Frameworks */,
				DAE1C41A290234740059235F /* Resources */,
				674EFDE6BA2FDF8DBC56BADC /* [CP] Embed Pods Frameworks */,
			);
			buildRules = (
			);
			dependencies = (
				DAE1C41E290234740059235F /* PBXTargetDependency */,
			);
			name = newsAppUITests;
			productName = newsAppUITests;
			productReference = DAE1C41C290234740059235F /* newsAppUITests.xctest */;
			productType = "com.apple.product-type.bundle.ui-testing";
		};
/* End PBXNativeTarget section */

/* Begin PBXProject section */
		DAE1C3F4290234730059235F /* Project object */ = {
			isa = PBXProject;
			attributes = {
				BuildIndependentTargetsInParallel = 1;
				LastSwiftUpdateCheck = 1400;
				LastUpgradeCheck = 1400;
				TargetAttributes = {
					DAE1C3FB290234730059235F = {
						CreatedOnToolsVersion = 14.0.1;
					};
					DAE1C411290234740059235F = {
						CreatedOnToolsVersion = 14.0.1;
						TestTargetID = DAE1C3FB290234730059235F;
					};
					DAE1C41B290234740059235F = {
						CreatedOnToolsVersion = 14.0.1;
						TestTargetID = DAE1C3FB290234730059235F;
					};
				};
			};
			buildConfigurationList = DAE1C3F7290234730059235F /* Build configuration list for PBXProject "newsApp" */;
			compatibilityVersion = "Xcode 13.0";
			developmentRegion = en;
			hasScannedForEncodings = 0;
			knownRegions = (
				en,
				Base,
			);
			mainGroup = DAE1C3F3290234730059235F;
			productRefGroup = DAE1C3FD290234730059235F /* Products */;
			projectDirPath = "";
			projectRoot = "";
			targets = (
				DAE1C3FB290234730059235F /* newsApp */,
				DAE1C411290234740059235F /* newsAppTests */,
				DAE1C41B290234740059235F /* newsAppUITests */,
			);
		};
/* End PBXProject section */

/* Begin PBXResourcesBuildPhase section */
		DAE1C3FA290234730059235F /* Resources */ = {
			isa = PBXResourcesBuildPhase;
			buildActionMask = 2147483647;
			files = (
				DAE1C40C290234740059235F /* LaunchScreen.storyboard in Resources */,
				DA51B4852903084C00F8C69C /* Main.storyboard in Resources */,
				DAE1C409290234740059235F /* Assets.xcassets in Resources */,
			);
			runOnlyForDeploymentPostprocessing = 0;
		};
		DAE1C410290234740059235F /* Resources */ = {
			isa = PBXResourcesBuildPhase;
			buildActionMask = 2147483647;
			files = (
			);
			runOnlyForDeploymentPostprocessing = 0;
		};
		DAE1C41A290234740059235F /* Resources */ = {
			isa = PBXResourcesBuildPhase;
			buildActionMask = 2147483647;
			files = (
			);
			runOnlyForDeploymentPostprocessing = 0;
		};
/* End PBXResourcesBuildPhase section */

/* Begin PBXShellScriptBuildPhase section */
		29EDECB1DA2AAAA89508628B /* [CP] Embed Pods Frameworks */ = {
			isa = PBXShellScriptBuildPhase;
			buildActionMask = 2147483647;
			files = (
			);
			inputFileListPaths = (
				"${PODS_ROOT}/Target Support Files/Pods-newsApp/Pods-newsApp-frameworks-${CONFIGURATION}-input-files.xcfilelist",
			);
			name = "[CP] Embed Pods Frameworks";
			outputFileListPaths = (
				"${PODS_ROOT}/Target Support Files/Pods-newsApp/Pods-newsApp-frameworks-${CONFIGURATION}-output-files.xcfilelist",
			);
			runOnlyForDeploymentPostprocessing = 0;
			shellPath = /bin/sh;
			shellScript = "\"${PODS_ROOT}/Target Support Files/Pods-newsApp/Pods-newsApp-frameworks.sh\"\n";
			showEnvVarsInLog = 0;
		};
		674EFDE6BA2FDF8DBC56BADC /* [CP] Embed Pods Frameworks */ = {
			isa = PBXShellScriptBuildPhase;
			buildActionMask = 2147483647;
			files = (
			);
			inputFileListPaths = (
				"${PODS_ROOT}/Target Support Files/Pods-newsApp-newsAppUITests/Pods-newsApp-newsAppUITests-frameworks-${CONFIGURATION}-input-files.xcfilelist",
			);
			name = "[CP] Embed Pods Frameworks";
			outputFileListPaths = (
				"${PODS_ROOT}/Target Support Files/Pods-newsApp-newsAppUITests/Pods-newsApp-newsAppUITests-frameworks-${CONFIGURATION}-output-files.xcfilelist",
			);
			runOnlyForDeploymentPostprocessing = 0;
			shellPath = /bin/sh;
			shellScript = "\"${PODS_ROOT}/Target Support Files/Pods-newsApp-newsAppUITests/Pods-newsApp-newsAppUITests-frameworks.sh\"\n";
			showEnvVarsInLog = 0;
		};
		B73C2EE6862931F793555FC4 /* [CP] Check Pods Manifest.lock */ = {
			isa = PBXShellScriptBuildPhase;
			buildActionMask = 2147483647;
			files = (
			);
			inputFileListPaths = (
			);
			inputPaths = (
				"${PODS_PODFILE_DIR_PATH}/Podfile.lock",
				"${PODS_ROOT}/Manifest.lock",
			);
			name = "[CP] Check Pods Manifest.lock";
			outputFileListPaths = (
			);
			outputPaths = (
				"$(DERIVED_FILE_DIR)/Pods-newsApp-newsAppUITests-checkManifestLockResult.txt",
			);
			runOnlyForDeploymentPostprocessing = 0;
			shellPath = /bin/sh;
			shellScript = "diff \"${PODS_PODFILE_DIR_PATH}/Podfile.lock\" \"${PODS_ROOT}/Manifest.lock\" > /dev/null\nif [ $? != 0 ] ; then\n    # print error to STDERR\n    echo \"error: The sandbox is not in sync with the Podfile.lock. Run 'pod install' or update your CocoaPods installation.\" >&2\n    exit 1\nfi\n# This output is used by Xcode 'outputs' to avoid re-running this script phase.\necho \"SUCCESS\" > \"${SCRIPT_OUTPUT_FILE_0}\"\n";
			showEnvVarsInLog = 0;
		};
		C920258663C44EBB8D2D48EF /* [CP] Check Pods Manifest.lock */ = {
			isa = PBXShellScriptBuildPhase;
			buildActionMask = 2147483647;
			files = (
			);
			inputFileListPaths = (
			);
			inputPaths = (
				"${PODS_PODFILE_DIR_PATH}/Podfile.lock",
				"${PODS_ROOT}/Manifest.lock",
			);
			name = "[CP] Check Pods Manifest.lock";
			outputFileListPaths = (
			);
			outputPaths = (
				"$(DERIVED_FILE_DIR)/Pods-newsAppTests-checkManifestLockResult.txt",
			);
			runOnlyForDeploymentPostprocessing = 0;
			shellPath = /bin/sh;
			shellScript = "diff \"${PODS_PODFILE_DIR_PATH}/Podfile.lock\" \"${PODS_ROOT}/Manifest.lock\" > /dev/null\nif [ $? != 0 ] ; then\n    # print error to STDERR\n    echo \"error: The sandbox is not in sync with the Podfile.lock. Run 'pod install' or update your CocoaPods installation.\" >&2\n    exit 1\nfi\n# This output is used by Xcode 'outputs' to avoid re-running this script phase.\necho \"SUCCESS\" > \"${SCRIPT_OUTPUT_FILE_0}\"\n";
			showEnvVarsInLog = 0;
		};
		D9E0AD573E69973934876E0E /* [CP] Check Pods Manifest.lock */ = {
			isa = PBXShellScriptBuildPhase;
			buildActionMask = 2147483647;
			files = (
			);
			inputFileListPaths = (
			);
			inputPaths = (
				"${PODS_PODFILE_DIR_PATH}/Podfile.lock",
				"${PODS_ROOT}/Manifest.lock",
			);
			name = "[CP] Check Pods Manifest.lock";
			outputFileListPaths = (
			);
			outputPaths = (
				"$(DERIVED_FILE_DIR)/Pods-newsApp-checkManifestLockResult.txt",
			);
			runOnlyForDeploymentPostprocessing = 0;
			shellPath = /bin/sh;
			shellScript = "diff \"${PODS_PODFILE_DIR_PATH}/Podfile.lock\" \"${PODS_ROOT}/Manifest.lock\" > /dev/null\nif [ $? != 0 ] ; then\n    # print error to STDERR\n    echo \"error: The sandbox is not in sync with the Podfile.lock. Run 'pod install' or update your CocoaPods installation.\" >&2\n    exit 1\nfi\n# This output is used by Xcode 'outputs' to avoid re-running this script phase.\necho \"SUCCESS\" > \"${SCRIPT_OUTPUT_FILE_0}\"\n";
			showEnvVarsInLog = 0;
		};
/* End PBXShellScriptBuildPhase section */

/* Begin PBXSourcesBuildPhase section */
		DAE1C3F8290234730059235F /* Sources */ = {
			isa = PBXSourcesBuildPhase;
			buildActionMask = 2147483647;
			files = (
				DAE1C400290234730059235F /* AppDelegate.swift in Sources */,
				DAE1C454290256E20059235F /* ConstantsAPI.swift in Sources */,
				DAE1C460290274580059235F /* NewsTableViewCell.swift in Sources */,
				DAE1C45C290266430059235F /* NewsDataModel.swift in Sources */,
				DAE1C4502902405A0059235F /* NewsViewModel.swift in Sources */,
				DAD15B332903109800E94FFF /* DetailView.swift in Sources */,
				DAE1C458290264A90059235F /* ExtensionFile.swift in Sources */,
				DAD15B35290312EE00E94FFF /* DetailViewModel.swift in Sources */,
				DAE1C402290234730059235F /* SceneDelegate.swift in Sources */,
				DAE1C44C290240360059235F /* HTTPManager.swift in Sources */,
				DAE1C430290235090059235F /* DetailViewController.swift in Sources */,
				DAD15B382903CBAF00E94FFF /* WebViewController.swift in Sources */,
				DAE1C43C29023A9B0059235F /* NewsViewController.swift in Sources */,
			);
			runOnlyForDeploymentPostprocessing = 0;
		};
		DAE1C40E290234740059235F /* Sources */ = {
			isa = PBXSourcesBuildPhase;
			buildActionMask = 2147483647;
			files = (
				DAE1C417290234740059235F /* newsViewModelTestCases.swift in Sources */,
				DAE1C4512902405A0059235F /* NewsViewModel.swift in Sources */,
				DAE1C459290264A90059235F /* ExtensionFile.swift in Sources */,
				DAE1C455290256E20059235F /* ConstantsAPI.swift in Sources */,
				DAE1C45D290266430059235F /* NewsDataModel.swift in Sources */,
				DAE1C44D290240360059235F /* HTTPManager.swift in Sources */,
				DAE1C461290274580059235F /* NewsTableViewCell.swift in Sources */,
				DAD15B3B2906425000E94FFF /* DetailViewModelTestCases.swift in Sources */,
			);
			runOnlyForDeploymentPostprocessing = 0;
		};
		DAE1C418290234740059235F /* Sources */ = {
			isa = PBXSourcesBuildPhase;
			buildActionMask = 2147483647;
			files = (
				DAE1C456290256E20059235F /* ConstantsAPI.swift in Sources */,
				DAE1C462290274580059235F /* NewsTableViewCell.swift in Sources */,
				DAE1C45E290266430059235F /* NewsDataModel.swift in Sources */,
				DAE1C4522902405A0059235F /* NewsViewModel.swift in Sources */,
				DAE1C45A290264A90059235F /* ExtensionFile.swift in Sources */,
				DAE1C421290234740059235F /* newsAppUITests.swift in Sources */,
				DAE1C44E290240360059235F /* HTTPManager.swift in Sources */,
				DAE1C423290234740059235F /* newsAppUITestsLaunchTests.swift in Sources */,
			);
			runOnlyForDeploymentPostprocessing = 0;
		};
/* End PBXSourcesBuildPhase section */

/* Begin PBXTargetDependency section */
		DAE1C414290234740059235F /* PBXTargetDependency */ = {
			isa = PBXTargetDependency;
			target = DAE1C3FB290234730059235F /* newsApp */;
			targetProxy = DAE1C413290234740059235F /* PBXContainerItemProxy */;
		};
		DAE1C41E290234740059235F /* PBXTargetDependency */ = {
			isa = PBXTargetDependency;
			target = DAE1C3FB290234730059235F /* newsApp */;
			targetProxy = DAE1C41D290234740059235F /* PBXContainerItemProxy */;
		};
/* End PBXTargetDependency section */

/* Begin PBXVariantGroup section */
		DAE1C40A290234740059235F /* LaunchScreen.storyboard */ = {
			isa = PBXVariantGroup;
			children = (
				DAE1C40B290234740059235F /* Base */,
			);
			name = LaunchScreen.storyboard;
			sourceTree = "<group>";
		};
/* End PBXVariantGroup section */

/* Begin XCBuildConfiguration section */
		DAE1C424290234740059235F /* Debug */ = {
			isa = XCBuildConfiguration;
			buildSettings = {
				ALWAYS_SEARCH_USER_PATHS = NO;
				CLANG_ANALYZER_NONNULL = YES;
				CLANG_ANALYZER_NUMBER_OBJECT_CONVERSION = YES_AGGRESSIVE;
				CLANG_CXX_LANGUAGE_STANDARD = "gnu++20";
				CLANG_ENABLE_MODULES = YES;
				CLANG_ENABLE_OBJC_ARC = YES;
				CLANG_ENABLE_OBJC_WEAK = YES;
				CLANG_WARN_BLOCK_CAPTURE_AUTORELEASING = YES;
				CLANG_WARN_BOOL_CONVERSION = YES;
				CLANG_WARN_COMMA = YES;
				CLANG_WARN_CONSTANT_CONVERSION = YES;
				CLANG_WARN_DEPRECATED_OBJC_IMPLEMENTATIONS = YES;
				CLANG_WARN_DIRECT_OBJC_ISA_USAGE = YES_ERROR;
				CLANG_WARN_DOCUMENTATION_COMMENTS = YES;
				CLANG_WARN_EMPTY_BODY = YES;
				CLANG_WARN_ENUM_CONVERSION = YES;
				CLANG_WARN_INFINITE_RECURSION = YES;
				CLANG_WARN_INT_CONVERSION = YES;
				CLANG_WARN_NON_LITERAL_NULL_CONVERSION = YES;
				CLANG_WARN_OBJC_IMPLICIT_RETAIN_SELF = YES;
				CLANG_WARN_OBJC_LITERAL_CONVERSION = YES;
				CLANG_WARN_OBJC_ROOT_CLASS = YES_ERROR;
				CLANG_WARN_QUOTED_INCLUDE_IN_FRAMEWORK_HEADER = YES;
				CLANG_WARN_RANGE_LOOP_ANALYSIS = YES;
				CLANG_WARN_STRICT_PROTOTYPES = YES;
				CLANG_WARN_SUSPICIOUS_MOVE = YES;
				CLANG_WARN_UNGUARDED_AVAILABILITY = YES_AGGRESSIVE;
				CLANG_WARN_UNREACHABLE_CODE = YES;
				CLANG_WARN__DUPLICATE_METHOD_MATCH = YES;
				COPY_PHASE_STRIP = NO;
				DEBUG_INFORMATION_FORMAT = dwarf;
				ENABLE_STRICT_OBJC_MSGSEND = YES;
				ENABLE_TESTABILITY = YES;
				GCC_C_LANGUAGE_STANDARD = gnu11;
				GCC_DYNAMIC_NO_PIC = NO;
				GCC_NO_COMMON_BLOCKS = YES;
				GCC_OPTIMIZATION_LEVEL = 0;
				GCC_PREPROCESSOR_DEFINITIONS = (
					"DEBUG=1",
					"$(inherited)",
				);
				GCC_WARN_64_TO_32_BIT_CONVERSION = YES;
				GCC_WARN_ABOUT_RETURN_TYPE = YES_ERROR;
				GCC_WARN_UNDECLARED_SELECTOR = YES;
				GCC_WARN_UNINITIALIZED_AUTOS = YES_AGGRESSIVE;
				GCC_WARN_UNUSED_FUNCTION = YES;
				GCC_WARN_UNUSED_VARIABLE = YES;
				IPHONEOS_DEPLOYMENT_TARGET = 16.0;
				MTL_ENABLE_DEBUG_INFO = INCLUDE_SOURCE;
				MTL_FAST_MATH = YES;
				ONLY_ACTIVE_ARCH = YES;
				SDKROOT = iphoneos;
				SWIFT_ACTIVE_COMPILATION_CONDITIONS = DEBUG;
				SWIFT_OPTIMIZATION_LEVEL = "-Onone";
			};
			name = Debug;
		};
		DAE1C425290234740059235F /* Release */ = {
			isa = XCBuildConfiguration;
			buildSettings = {
				ALWAYS_SEARCH_USER_PATHS = NO;
				CLANG_ANALYZER_NONNULL = YES;
				CLANG_ANALYZER_NUMBER_OBJECT_CONVERSION = YES_AGGRESSIVE;
				CLANG_CXX_LANGUAGE_STANDARD = "gnu++20";
				CLANG_ENABLE_MODULES = YES;
				CLANG_ENABLE_OBJC_ARC = YES;
				CLANG_ENABLE_OBJC_WEAK = YES;
				CLANG_WARN_BLOCK_CAPTURE_AUTORELEASING = YES;
				CLANG_WARN_BOOL_CONVERSION = YES;
				CLANG_WARN_COMMA = YES;
				CLANG_WARN_CONSTANT_CONVERSION = YES;
				CLANG_WARN_DEPRECATED_OBJC_IMPLEMENTATIONS = YES;
				CLANG_WARN_DIRECT_OBJC_ISA_USAGE = YES_ERROR;
				CLANG_WARN_DOCUMENTATION_COMMENTS = YES;
				CLANG_WARN_EMPTY_BODY = YES;
				CLANG_WARN_ENUM_CONVERSION = YES;
				CLANG_WARN_INFINITE_RECURSION = YES;
				CLANG_WARN_INT_CONVERSION = YES;
				CLANG_WARN_NON_LITERAL_NULL_CONVERSION = YES;
				CLANG_WARN_OBJC_IMPLICIT_RETAIN_SELF = YES;
				CLANG_WARN_OBJC_LITERAL_CONVERSION = YES;
				CLANG_WARN_OBJC_ROOT_CLASS = YES_ERROR;
				CLANG_WARN_QUOTED_INCLUDE_IN_FRAMEWORK_HEADER = YES;
				CLANG_WARN_RANGE_LOOP_ANALYSIS = YES;
				CLANG_WARN_STRICT_PROTOTYPES = YES;
				CLANG_WARN_SUSPICIOUS_MOVE = YES;
				CLANG_WARN_UNGUARDED_AVAILABILITY = YES_AGGRESSIVE;
				CLANG_WARN_UNREACHABLE_CODE = YES;
				CLANG_WARN__DUPLICATE_METHOD_MATCH = YES;
				COPY_PHASE_STRIP = NO;
				DEBUG_INFORMATION_FORMAT = "dwarf-with-dsym";
				ENABLE_NS_ASSERTIONS = NO;
				ENABLE_STRICT_OBJC_MSGSEND = YES;
				GCC_C_LANGUAGE_STANDARD = gnu11;
				GCC_NO_COMMON_BLOCKS = YES;
				GCC_WARN_64_TO_32_BIT_CONVERSION = YES;
				GCC_WARN_ABOUT_RETURN_TYPE = YES_ERROR;
				GCC_WARN_UNDECLARED_SELECTOR = YES;
				GCC_WARN_UNINITIALIZED_AUTOS = YES_AGGRESSIVE;
				GCC_WARN_UNUSED_FUNCTION = YES;
				GCC_WARN_UNUSED_VARIABLE = YES;
				IPHONEOS_DEPLOYMENT_TARGET = 16.0;
				MTL_ENABLE_DEBUG_INFO = NO;
				MTL_FAST_MATH = YES;
				SDKROOT = iphoneos;
				SWIFT_COMPILATION_MODE = wholemodule;
				SWIFT_OPTIMIZATION_LEVEL = "-O";
				VALIDATE_PRODUCT = YES;
			};
			name = Release;
		};
		DAE1C427290234740059235F /* Debug */ = {
			isa = XCBuildConfiguration;
			baseConfigurationReference = 77E75ABE9AAEE698EE08B35F /* Pods-newsApp.debug.xcconfig */;
			buildSettings = {
				ASSETCATALOG_COMPILER_APPICON_NAME = AppIcon;
				ASSETCATALOG_COMPILER_GLOBAL_ACCENT_COLOR_NAME = AccentColor;
				CODE_SIGN_STYLE = Automatic;
				CURRENT_PROJECT_VERSION = 1;
				DEVELOPMENT_TEAM = F638V29VVL;
				GENERATE_INFOPLIST_FILE = YES;
				INFOPLIST_FILE = newsApp/Info.plist;
				INFOPLIST_KEY_UIApplicationSupportsIndirectInputEvents = YES;
				INFOPLIST_KEY_UILaunchStoryboardName = LaunchScreen;
				INFOPLIST_KEY_UIMainStoryboardFile = Main;
				INFOPLIST_KEY_UISupportedInterfaceOrientations_iPad = "UIInterfaceOrientationPortrait UIInterfaceOrientationPortraitUpsideDown UIInterfaceOrientationLandscapeLeft UIInterfaceOrientationLandscapeRight";
				INFOPLIST_KEY_UISupportedInterfaceOrientations_iPhone = "UIInterfaceOrientationPortrait UIInterfaceOrientationLandscapeLeft UIInterfaceOrientationLandscapeRight";
				LD_RUNPATH_SEARCH_PATHS = (
					"$(inherited)",
					"@executable_path/Frameworks",
				);
				MARKETING_VERSION = 1.0;
				PRODUCT_BUNDLE_IDENTIFIER = com.mac.newsApp;
				PRODUCT_NAME = "$(TARGET_NAME)";
				SWIFT_EMIT_LOC_STRINGS = YES;
				SWIFT_VERSION = 5.0;
				TARGETED_DEVICE_FAMILY = "1,2";
			};
			name = Debug;
		};
		DAE1C428290234740059235F /* Release */ = {
			isa = XCBuildConfiguration;
			baseConfigurationReference = 9A8F732BF4BC8BDB92997683 /* Pods-newsApp.release.xcconfig */;
			buildSettings = {
				ASSETCATALOG_COMPILER_APPICON_NAME = AppIcon;
				ASSETCATALOG_COMPILER_GLOBAL_ACCENT_COLOR_NAME = AccentColor;
				CODE_SIGN_STYLE = Automatic;
				CURRENT_PROJECT_VERSION = 1;
				DEVELOPMENT_TEAM = F638V29VVL;
				GENERATE_INFOPLIST_FILE = YES;
				INFOPLIST_FILE = newsApp/Info.plist;
				INFOPLIST_KEY_UIApplicationSupportsIndirectInputEvents = YES;
				INFOPLIST_KEY_UILaunchStoryboardName = LaunchScreen;
				INFOPLIST_KEY_UIMainStoryboardFile = Main;
				INFOPLIST_KEY_UISupportedInterfaceOrientations_iPad = "UIInterfaceOrientationPortrait UIInterfaceOrientationPortraitUpsideDown UIInterfaceOrientationLandscapeLeft UIInterfaceOrientationLandscapeRight";
				INFOPLIST_KEY_UISupportedInterfaceOrientations_iPhone = "UIInterfaceOrientationPortrait UIInterfaceOrientationLandscapeLeft UIInterfaceOrientationLandscapeRight";
				LD_RUNPATH_SEARCH_PATHS = (
					"$(inherited)",
					"@executable_path/Frameworks",
				);
				MARKETING_VERSION = 1.0;
				PRODUCT_BUNDLE_IDENTIFIER = com.mac.newsApp;
				PRODUCT_NAME = "$(TARGET_NAME)";
				SWIFT_EMIT_LOC_STRINGS = YES;
				SWIFT_VERSION = 5.0;
				TARGETED_DEVICE_FAMILY = "1,2";
			};
			name = Release;
		};
		DAE1C42A290234740059235F /* Debug */ = {
			isa = XCBuildConfiguration;
			baseConfigurationReference = BA118F7605C926715765553E /* Pods-newsAppTests.debug.xcconfig */;
			buildSettings = {
				ALWAYS_EMBED_SWIFT_STANDARD_LIBRARIES = YES;
				BUNDLE_LOADER = "$(TEST_HOST)";
				CODE_SIGN_STYLE = Automatic;
				CURRENT_PROJECT_VERSION = 1;
				DEVELOPMENT_TEAM = F638V29VVL;
				GENERATE_INFOPLIST_FILE = YES;
				IPHONEOS_DEPLOYMENT_TARGET = 16.0;
				MARKETING_VERSION = 1.0;
				PRODUCT_BUNDLE_IDENTIFIER = com.mac.newsAppTests;
				PRODUCT_NAME = "$(TARGET_NAME)";
				SWIFT_EMIT_LOC_STRINGS = NO;
				SWIFT_VERSION = 5.0;
				TARGETED_DEVICE_FAMILY = "1,2";
				TEST_HOST = "$(BUILT_PRODUCTS_DIR)/newsApp.app/$(BUNDLE_EXECUTABLE_FOLDER_PATH)/newsApp";
			};
			name = Debug;
		};
		DAE1C42B290234740059235F /* Release */ = {
			isa = XCBuildConfiguration;
			baseConfigurationReference = 355135358282F470D74ED3F3 /* Pods-newsAppTests.release.xcconfig */;
			buildSettings = {
				ALWAYS_EMBED_SWIFT_STANDARD_LIBRARIES = YES;
				BUNDLE_LOADER = "$(TEST_HOST)";
				CODE_SIGN_STYLE = Automatic;
				CURRENT_PROJECT_VERSION = 1;
				DEVELOPMENT_TEAM = F638V29VVL;
				GENERATE_INFOPLIST_FILE = YES;
				IPHONEOS_DEPLOYMENT_TARGET = 16.0;
				MARKETING_VERSION = 1.0;
				PRODUCT_BUNDLE_IDENTIFIER = com.mac.newsAppTests;
				PRODUCT_NAME = "$(TARGET_NAME)";
				SWIFT_EMIT_LOC_STRINGS = NO;
				SWIFT_VERSION = 5.0;
				TARGETED_DEVICE_FAMILY = "1,2";
				TEST_HOST = "$(BUILT_PRODUCTS_DIR)/newsApp.app/$(BUNDLE_EXECUTABLE_FOLDER_PATH)/newsApp";
			};
			name = Release;
		};
		DAE1C42D290234740059235F /* Debug */ = {
			isa = XCBuildConfiguration;
			baseConfigurationReference = 1C79B42072F9DCEC2307FAF9 /* Pods-newsApp-newsAppUITests.debug.xcconfig */;
			buildSettings = {
				ALWAYS_EMBED_SWIFT_STANDARD_LIBRARIES = YES;
				CODE_SIGN_STYLE = Automatic;
				CURRENT_PROJECT_VERSION = 1;
				DEVELOPMENT_TEAM = F638V29VVL;
				GENERATE_INFOPLIST_FILE = YES;
				MARKETING_VERSION = 1.0;
				PRODUCT_BUNDLE_IDENTIFIER = com.mac.newsAppUITests;
				PRODUCT_NAME = "$(TARGET_NAME)";
				SWIFT_EMIT_LOC_STRINGS = NO;
				SWIFT_VERSION = 5.0;
				TARGETED_DEVICE_FAMILY = "1,2";
				TEST_TARGET_NAME = newsApp;
			};
			name = Debug;
		};
		DAE1C42E290234740059235F /* Release */ = {
			isa = XCBuildConfiguration;
			baseConfigurationReference = 631431812844F7B0F68C5DDC /* Pods-newsApp-newsAppUITests.release.xcconfig */;
			buildSettings = {
				ALWAYS_EMBED_SWIFT_STANDARD_LIBRARIES = YES;
				CODE_SIGN_STYLE = Automatic;
				CURRENT_PROJECT_VERSION = 1;
				DEVELOPMENT_TEAM = F638V29VVL;
				GENERATE_INFOPLIST_FILE = YES;
				MARKETING_VERSION = 1.0;
				PRODUCT_BUNDLE_IDENTIFIER = com.mac.newsAppUITests;
				PRODUCT_NAME = "$(TARGET_NAME)";
				SWIFT_EMIT_LOC_STRINGS = NO;
				SWIFT_VERSION = 5.0;
				TARGETED_DEVICE_FAMILY = "1,2";
				TEST_TARGET_NAME = newsApp;
			};
			name = Release;
		};
/* End XCBuildConfiguration section */

/* Begin XCConfigurationList section */
		DAE1C3F7290234730059235F /* Build configuration list for PBXProject "newsApp" */ = {
			isa = XCConfigurationList;
			buildConfigurations = (
				DAE1C424290234740059235F /* Debug */,
				DAE1C425290234740059235F /* Release */,
			);
			defaultConfigurationIsVisible = 0;
			defaultConfigurationName = Release;
		};
		DAE1C426290234740059235F /* Build configuration list for PBXNativeTarget "newsApp" */ = {
			isa = XCConfigurationList;
			buildConfigurations = (
				DAE1C427290234740059235F /* Debug */,
				DAE1C428290234740059235F /* Release */,
			);
			defaultConfigurationIsVisible = 0;
			defaultConfigurationName = Release;
		};
		DAE1C429290234740059235F /* Build configuration list for PBXNativeTarget "newsAppTests" */ = {
			isa = XCConfigurationList;
			buildConfigurations = (
				DAE1C42A290234740059235F /* Debug */,
				DAE1C42B290234740059235F /* Release */,
			);
			defaultConfigurationIsVisible = 0;
			defaultConfigurationName = Release;
		};
		DAE1C42C290234740059235F /* Build configuration list for PBXNativeTarget "newsAppUITests" */ = {
			isa = XCConfigurationList;
			buildConfigurations = (
				DAE1C42D290234740059235F /* Debug */,
				DAE1C42E290234740059235F /* Release */,
			);
			defaultConfigurationIsVisible = 0;
			defaultConfigurationName = Release;
		};
/* End XCConfigurationList section */
	};
	rootObject = DAE1C3F4290234730059235F /* Project object */;
}
